
Microsoft Visual Studio Solution File, Format Version 12.00
# Visual Studio Version 17
VisualStudioVersion = 17.9.34902.65
MinimumVisualStudioVersion = 10.0.40219.1
Project("{FAE04EC0-301F-11D3-BF4B-00C04F79EFBC}") = "Tarea1_Ejercicio1", "Tarea1_Ejercicio1\Tarea1_Ejercicio1.csproj", "{F198C2DE-512D-443F-8665-521B664179C7}"
EndProject
Global
	GlobalSection(SolutionConfigurationPlatforms) = preSolution
		Debug|Any CPU = Debug|Any CPU
		Release|Any CPU = Release|Any CPU
	EndGlobalSection
	GlobalSection(ProjectConfigurationPlatforms) = postSolution
		{F198C2DE-512D-443F-8665-521B664179C7}.Debug|Any CPU.ActiveCfg = Debug|Any CPU
		{F198C2DE-512D-443F-8665-521B664179C7}.Debug|Any CPU.Build.0 = Debug|Any CPU
		{F198C2DE-512D-443F-8665-521B664179C7}.Release|Any CPU.ActiveCfg = Release|Any CPU
		{F198C2DE-512D-443F-8665-521B664179C7}.Release|Any CPU.Build.0 = Release|Any CPU
	EndGlobalSection
	GlobalSection(SolutionProperties) = preSolution
		HideSolutionNode = FALSE
	EndGlobalSection
	GlobalSection(ExtensibilityGlobals) = postSolution
		SolutionGuid = {EA879A82-B13C-46C3-90DF-EDD8F89430EA}
	EndGlobalSection
EndGlobal
